
Microsoft Visual Studio Solution File, Format Version 12.00
# Visual Studio Version 17
VisualStudioVersion = 17.2.32616.157
MinimumVisualStudioVersion = 10.0.40219.1
Project("{FAE04EC0-301F-11D3-BF4B-00C04F79EFBC}") = "SqlLite_Net6", "SqlLite_Net6\SqlLite_Net6.csproj", "{637DA581-3F8E-463A-9C7B-2A103324DD22}"
EndProject
Global
	GlobalSection(SolutionConfigurationPlatforms) = preSolution
		Debug|Any CPU = Debug|Any CPU
		Release|Any CPU = Release|Any CPU
	EndGlobalSection
	GlobalSection(ProjectConfigurationPlatforms) = postSolution
		{637DA581-3F8E-463A-9C7B-2A103324DD22}.Debug|Any CPU.ActiveCfg = Debug|Any CPU
		{637DA581-3F8E-463A-9C7B-2A103324DD22}.Debug|Any CPU.Build.0 = Debug|Any CPU
		{637DA581-3F8E-463A-9C7B-2A103324DD22}.Release|Any CPU.ActiveCfg = Release|Any CPU
		{637DA581-3F8E-463A-9C7B-2A103324DD22}.Release|Any CPU.Build.0 = Release|Any CPU
	EndGlobalSection
	GlobalSection(SolutionProperties) = preSolution
		HideSolutionNode = FALSE
	EndGlobalSection
	GlobalSection(ExtensibilityGlobals) = postSolution
		SolutionGuid = {75EF997E-F705-42BA-93DE-DF49F21492E9}
	EndGlobalSection
EndGlobal
